
Microsoft Visual Studio Solution File, Format Version 12.00
# Visual Studio Version 16
VisualStudioVersion = 16.0.31402.337
MinimumVisualStudioVersion = 10.0.40219.1
Project("{9A19103F-16F7-4668-BE54-9A1E7A4F7556}") = "ApiRest_Products", "ApiRest_Products.csproj", "{BC5F25F6-CAE0-4E9E-B684-0DFBF8C6D02E}"
EndProject
Project("{FAE04EC0-301F-11D3-BF4B-00C04F79EFBC}") = "Models", "..\Models\Models.csproj", "{2B476EEF-0CFF-4298-BE22-CFED147D0CD2}"
EndProject
Project("{FAE04EC0-301F-11D3-BF4B-00C04F79EFBC}") = "Repository", "..\Repository\Repository.csproj", "{FD514E03-FCB8-4794-807A-6F87BB4C292A}"
EndProject
Global
	GlobalSection(SolutionConfigurationPlatforms) = preSolution
		Debug|Any CPU = Debug|Any CPU
		Release|Any CPU = Release|Any CPU
	EndGlobalSection
	GlobalSection(ProjectConfigurationPlatforms) = postSolution
		{BC5F25F6-CAE0-4E9E-B684-0DFBF8C6D02E}.Debug|Any CPU.ActiveCfg = Debug|Any CPU
		{BC5F25F6-CAE0-4E9E-B684-0DFBF8C6D02E}.Debug|Any CPU.Build.0 = Debug|Any CPU
		{BC5F25F6-CAE0-4E9E-B684-0DFBF8C6D02E}.Release|Any CPU.ActiveCfg = Release|Any CPU
		{BC5F25F6-CAE0-4E9E-B684-0DFBF8C6D02E}.Release|Any CPU.Build.0 = Release|Any CPU
		{2B476EEF-0CFF-4298-BE22-CFED147D0CD2}.Debug|Any CPU.ActiveCfg = Debug|Any CPU
		{2B476EEF-0CFF-4298-BE22-CFED147D0CD2}.Debug|Any CPU.Build.0 = Debug|Any CPU
		{2B476EEF-0CFF-4298-BE22-CFED147D0CD2}.Release|Any CPU.ActiveCfg = Release|Any CPU
		{2B476EEF-0CFF-4298-BE22-CFED147D0CD2}.Release|Any CPU.Build.0 = Release|Any CPU
		{FD514E03-FCB8-4794-807A-6F87BB4C292A}.Debug|Any CPU.ActiveCfg = Debug|Any CPU
		{FD514E03-FCB8-4794-807A-6F87BB4C292A}.Debug|Any CPU.Build.0 = Debug|Any CPU
		{FD514E03-FCB8-4794-807A-6F87BB4C292A}.Release|Any CPU.ActiveCfg = Release|Any CPU
		{FD514E03-FCB8-4794-807A-6F87BB4C292A}.Release|Any CPU.Build.0 = Release|Any CPU
	EndGlobalSection
	GlobalSection(SolutionProperties) = preSolution
		HideSolutionNode = FALSE
	EndGlobalSection
	GlobalSection(ExtensibilityGlobals) = postSolution
		SolutionGuid = {85DBF3EB-5AC4-477F-82E4-8C6989A946E9}
	EndGlobalSection
EndGlobal
